
Microsoft Visual Studio Solution File, Format Version 12.00
# Visual Studio Version 17
VisualStudioVersion = 17.14.36121.58 d17.14
MinimumVisualStudioVersion = 10.0.40219.1
Project("{FAE04EC0-301F-11D3-BF4B-00C04F79EFBC}") = "ConsoleApp1", "ConsoleApp1\ConsoleApp1.csproj", "{30C3B9E3-197F-479D-B31E-3A9932D82ECA}"
EndProject
Global
	GlobalSection(SolutionConfigurationPlatforms) = preSolution
		Debug|Any CPU = Debug|Any CPU
		Release|Any CPU = Release|Any CPU
	EndGlobalSection
	GlobalSection(ProjectConfigurationPlatforms) = postSolution
		{30C3B9E3-197F-479D-B31E-3A9932D82ECA}.Debug|Any CPU.ActiveCfg = Debug|Any CPU
		{30C3B9E3-197F-479D-B31E-3A9932D82ECA}.Debug|Any CPU.Build.0 = Debug|Any CPU
		{30C3B9E3-197F-479D-B31E-3A9932D82ECA}.Release|Any CPU.ActiveCfg = Release|Any CPU
		{30C3B9E3-197F-479D-B31E-3A9932D82ECA}.Release|Any CPU.Build.0 = Release|Any CPU
	EndGlobalSection
	GlobalSection(SolutionProperties) = preSolution
		HideSolutionNode = FALSE
	EndGlobalSection
	GlobalSection(ExtensibilityGlobals) = postSolution
		SolutionGuid = {77617C0A-E7BC-4AD4-AB97-0A3C72ED91C3}
	EndGlobalSection
EndGlobal
